
Microsoft Visual Studio Solution File, Format Version 12.00
# Visual Studio 15
VisualStudioVersion = 15.0.28307.271
MinimumVisualStudioVersion = 10.0.40219.1
Project("{FAE04EC0-301F-11D3-BF4B-00C04F79EFBC}") = "BLL", "BLL\BLL.csproj", "{3EEE6BB9-FC49-4732-B404-F757228F186B}"
EndProject
Project("{FAE04EC0-301F-11D3-BF4B-00C04F79EFBC}") = "DAL", "DAL\DAL.csproj", "{2A4DE6FB-A1A0-40C8-85D2-B8A137882593}"
EndProject
Project("{FAE04EC0-301F-11D3-BF4B-00C04F79EFBC}") = "PL", "PL\PL.csproj", "{D129DB32-9C43-4546-B68C-1897B8FAFA01}"
EndProject
Global
	GlobalSection(SolutionConfigurationPlatforms) = preSolution
		Debug|Any CPU = Debug|Any CPU
		Release|Any CPU = Release|Any CPU
	EndGlobalSection
	GlobalSection(ProjectConfigurationPlatforms) = postSolution
		{3EEE6BB9-FC49-4732-B404-F757228F186B}.Debug|Any CPU.ActiveCfg = Debug|Any CPU
		{3EEE6BB9-FC49-4732-B404-F757228F186B}.Debug|Any CPU.Build.0 = Debug|Any CPU
		{3EEE6BB9-FC49-4732-B404-F757228F186B}.Release|Any CPU.ActiveCfg = Release|Any CPU
		{3EEE6BB9-FC49-4732-B404-F757228F186B}.Release|Any CPU.Build.0 = Release|Any CPU
		{2A4DE6FB-A1A0-40C8-85D2-B8A137882593}.Debug|Any CPU.ActiveCfg = Debug|Any CPU
		{2A4DE6FB-A1A0-40C8-85D2-B8A137882593}.Debug|Any CPU.Build.0 = Debug|Any CPU
		{2A4DE6FB-A1A0-40C8-85D2-B8A137882593}.Release|Any CPU.ActiveCfg = Release|Any CPU
		{2A4DE6FB-A1A0-40C8-85D2-B8A137882593}.Release|Any CPU.Build.0 = Release|Any CPU
		{D129DB32-9C43-4546-B68C-1897B8FAFA01}.Debug|Any CPU.ActiveCfg = Debug|Any CPU
		{D129DB32-9C43-4546-B68C-1897B8FAFA01}.Debug|Any CPU.Build.0 = Debug|Any CPU
		{D129DB32-9C43-4546-B68C-1897B8FAFA01}.Release|Any CPU.ActiveCfg = Release|Any CPU
		{D129DB32-9C43-4546-B68C-1897B8FAFA01}.Release|Any CPU.Build.0 = Release|Any CPU
	EndGlobalSection
	GlobalSection(SolutionProperties) = preSolution
		HideSolutionNode = FALSE
	EndGlobalSection
	GlobalSection(ExtensibilityGlobals) = postSolution
		SolutionGuid = {F303A74D-1125-40DC-8C3F-DF2F12BC789C}
	EndGlobalSection
EndGlobal
